
Microsoft Visual Studio Solution File, Format Version 12.00
# Visual Studio Version 17
VisualStudioVersion = 17.14.36221.1 d17.14
MinimumVisualStudioVersion = 10.0.40219.1
Project("{FAE04EC0-301F-11D3-BF4B-00C04F79EFBC}") = "InventoryValue", "InventoryValue\InventoryValue.csproj", "{8A2C29A1-A82D-4C18-9F86-60B4C5E741AD}"
EndProject
Global
	GlobalSection(SolutionConfigurationPlatforms) = preSolution
		Debug|Any CPU = Debug|Any CPU
		Release|Any CPU = Release|Any CPU
	EndGlobalSection
	GlobalSection(ProjectConfigurationPlatforms) = postSolution
		{8A2C29A1-A82D-4C18-9F86-60B4C5E741AD}.Debug|Any CPU.ActiveCfg = Debug|Any CPU
		{8A2C29A1-A82D-4C18-9F86-60B4C5E741AD}.Debug|Any CPU.Build.0 = Debug|Any CPU
		{8A2C29A1-A82D-4C18-9F86-60B4C5E741AD}.Release|Any CPU.ActiveCfg = Release|Any CPU
		{8A2C29A1-A82D-4C18-9F86-60B4C5E741AD}.Release|Any CPU.Build.0 = Release|Any CPU
	EndGlobalSection
	GlobalSection(SolutionProperties) = preSolution
		HideSolutionNode = FALSE
	EndGlobalSection
	GlobalSection(ExtensibilityGlobals) = postSolution
		SolutionGuid = {A15D68A8-35E9-4B95-805D-3B48DAEB8484}
	EndGlobalSection
EndGlobal
